
Microsoft Visual Studio Solution File, Format Version 12.00
# Visual Studio Version 17
VisualStudioVersion = 17.4.33213.308
MinimumVisualStudioVersion = 10.0.40219.1
Project("{FAE04EC0-301F-11D3-BF4B-00C04F79EFBC}") = "ConsoleApp1", "ConsoleApp1\ConsoleApp1.csproj", "{684BD94C-59A4-46FB-8598-BCE696C70891}"
EndProject
Global
	GlobalSection(SolutionConfigurationPlatforms) = preSolution
		Debug|Any CPU = Debug|Any CPU
		Release|Any CPU = Release|Any CPU
	EndGlobalSection
	GlobalSection(ProjectConfigurationPlatforms) = postSolution
		{684BD94C-59A4-46FB-8598-BCE696C70891}.Debug|Any CPU.ActiveCfg = Debug|Any CPU
		{684BD94C-59A4-46FB-8598-BCE696C70891}.Debug|Any CPU.Build.0 = Debug|Any CPU
		{684BD94C-59A4-46FB-8598-BCE696C70891}.Release|Any CPU.ActiveCfg = Release|Any CPU
		{684BD94C-59A4-46FB-8598-BCE696C70891}.Release|Any CPU.Build.0 = Release|Any CPU
	EndGlobalSection
	GlobalSection(SolutionProperties) = preSolution
		HideSolutionNode = FALSE
	EndGlobalSection
	GlobalSection(ExtensibilityGlobals) = postSolution
		SolutionGuid = {3EDCF585-24E4-49ED-8355-6FF812905AE0}
	EndGlobalSection
EndGlobal
